
Microsoft Visual Studio Solution File, Format Version 12.00
# Visual Studio Version 17
VisualStudioVersion = 17.7.34031.279
MinimumVisualStudioVersion = 10.0.40219.1
Project("{FAE04EC0-301F-11D3-BF4B-00C04F79EFBC}") = "StudentCRUD", "StudentCRUD.csproj", "{32F2ED1D-1DE5-4CC7-B10D-FEC6D627164E}"
EndProject
Global
	GlobalSection(SolutionConfigurationPlatforms) = preSolution
		Debug|Any CPU = Debug|Any CPU
		Release|Any CPU = Release|Any CPU
	EndGlobalSection
	GlobalSection(ProjectConfigurationPlatforms) = postSolution
		{32F2ED1D-1DE5-4CC7-B10D-FEC6D627164E}.Debug|Any CPU.ActiveCfg = Debug|Any CPU
		{32F2ED1D-1DE5-4CC7-B10D-FEC6D627164E}.Debug|Any CPU.Build.0 = Debug|Any CPU
		{32F2ED1D-1DE5-4CC7-B10D-FEC6D627164E}.Release|Any CPU.ActiveCfg = Release|Any CPU
		{32F2ED1D-1DE5-4CC7-B10D-FEC6D627164E}.Release|Any CPU.Build.0 = Release|Any CPU
	EndGlobalSection
	GlobalSection(SolutionProperties) = preSolution
		HideSolutionNode = FALSE
	EndGlobalSection
	GlobalSection(ExtensibilityGlobals) = postSolution
		SolutionGuid = {2B61A97C-897D-4D72-8F3E-632EA1DAE5B1}
	EndGlobalSection
EndGlobal
